
Microsoft Visual Studio Solution File, Format Version 12.00
# Visual Studio 2012
Project("{FAE04EC0-301F-11D3-BF4B-00C04F79EFBC}") = "CgiInCsharp", "CgiInCsharp.csproj", "{1003ED7A-239B-4BFC-BBE0-E814F933D53B}"
EndProject
Global
	GlobalSection(SolutionConfigurationPlatforms) = preSolution
		Debug|Any CPU = Debug|Any CPU
		Release|Any CPU = Release|Any CPU
	EndGlobalSection
	GlobalSection(ProjectConfigurationPlatforms) = postSolution
		{1003ED7A-239B-4BFC-BBE0-E814F933D53B}.Debug|Any CPU.ActiveCfg = Debug|Any CPU
		{1003ED7A-239B-4BFC-BBE0-E814F933D53B}.Debug|Any CPU.Build.0 = Debug|Any CPU
		{1003ED7A-239B-4BFC-BBE0-E814F933D53B}.Release|Any CPU.ActiveCfg = Release|Any CPU
		{1003ED7A-239B-4BFC-BBE0-E814F933D53B}.Release|Any CPU.Build.0 = Release|Any CPU
	EndGlobalSection
	GlobalSection(SolutionProperties) = preSolution
		HideSolutionNode = FALSE
	EndGlobalSection
EndGlobal
